// !$*UTF8*$!
{
	archiveVersion = 1;
	classes = {
	};
	objectVersion = 50;
	objects = {

/* Begin PBXBuildFile section */
		6781A9992663BB1B0075ED77 /* UI_213App.swift in Sources */ = {isa = PBXBuildFile; fileRef = 6781A9982663BB1B0075ED77 /* UI_213App.swift */; };
		6781A99B2663BB1B0075ED77 /* ContentView.swift in Sources */ = {isa = PBXBuildFile; fileRef = 6781A99A2663BB1B0075ED77 /* ContentView.swift */; };
		6781A99D2663BB1C0075ED77 /* Assets.xcassets in Resources */ = {isa = PBXBuildFile; fileRef = 6781A99C2663BB1C0075ED77 /* Assets.xcassets */; };
		6781A9A02663BB1C0075ED77 /* Preview Assets.xcassets in Resources */ = {isa = PBXBuildFile; fileRef = 6781A99F2663BB1C0075ED77 /* Preview Assets.xcassets */; };
		6781A9AB2663C2870075ED77 /* Login.swift in Sources */ = {isa = PBXBuildFile; fileRef = 6781A9AA2663C2870075ED77 /* Login.swift */; };
		6781A9AD2663C28F0075ED77 /* SignUp.swift in Sources */ = {isa = PBXBuildFile; fileRef = 6781A9AC2663C28F0075ED77 /* SignUp.swift */; };
		67EF45582663CCC00019978F /* Home.swift in Sources */ = {isa = PBXBuildFile; fileRef = 67EF45572663CCC00019978F /* Home.swift */; };
/* End PBXBuildFile section */

/* Begin PBXFileReference section */
		6781A9952663BB1B0075ED77 /* UI-213.app */ = {isa = PBXFileReference; explicitFileType = wrapper.application; includeInIndex = 0; path = "UI-213.app"; sourceTree = BUILT_PRODUCTS_DIR; };
		6781A9982663BB1B0075ED77 /* UI_213App.swift */ = {isa = PBXFileReference; lastKnownFileType = sourcecode.swift; path = UI_213App.swift; sourceTree = "<group>"; };
		6781A99A2663BB1B0075ED77 /* ContentView.swift */ = {isa = PBXFileReference; lastKnownFileType = sourcecode.swift; path = ContentView.swift; sourceTree = "<group>"; };
		6781A99C2663BB1C0075ED77 /* Assets.xcassets */ = {isa = PBXFileReference; lastKnownFileType = folder.assetcatalog; path = Assets.xcassets; sourceTree = "<group>"; };
		6781A99F2663BB1C0075ED77 /* Preview Assets.xcassets */ = {isa = PBXFileReference; lastKnownFileType = folder.assetcatalog; path = "Preview Assets.xcassets"; sourceTree = "<group>"; };
		6781A9A12663BB1C0075ED77 /* Info.plist */ = {isa = PBXFileReference; lastKnownFileType = text.plist.xml; path = Info.plist; sourceTree = "<group>"; };
		6781A9AA2663C2870075ED77 /* Login.swift */ = {isa = PBXFileReference; lastKnownFileType = sourcecode.swift; path = Login.swift; sourceTree = "<group>"; };
		6781A9AC2663C28F0075ED77 /* SignUp.swift */ = {isa = PBXFileReference; lastKnownFileType = sourcecode.swift; path = SignUp.swift; sourceTree = "<group>"; };
		67EF45572663CCC00019978F /* Home.swift */ = {isa = PBXFileReference; lastKnownFileType = sourcecode.swift; path = Home.swift; sourceTree = "<group>"; };
/* End PBXFileReference section */

/* Begin PBXFrameworksBuildPhase section */
		6781A9922663BB1B0075ED77 /* Frameworks */ = {
			isa = PBXFrameworksBuildPhase;
			buildActionMask = 2147483647;
			files = (
			);
			runOnlyForDeploymentPostprocessing = 0;
		};
/* End PBXFrameworksBuildPhase section */

/* Begin PBXGroup section */
		6781A98C2663BB1A0075ED77 = {
			isa = PBXGroup;
			children = (
				6781A9972663BB1B0075ED77 /* UI-213 */,
				6781A9962663BB1B0075ED77 /* Products */,
			);
			sourceTree = "<group>";
		};
		6781A9962663BB1B0075ED77 /* Products */ = {
			isa = PBXGroup;
			children = (
				6781A9952663BB1B0075ED77 /* UI-213.app */,
			);
			name = Products;
			sourceTree = "<group>";
		};
		6781A9972663BB1B0075ED77 /* UI-213 */ = {
			isa = PBXGroup;
			children = (
				6781A9A72663BB6C0075ED77 /* View */,
				6781A9982663BB1B0075ED77 /* UI_213App.swift */,
				6781A99A2663BB1B0075ED77 /* ContentView.swift */,
				6781A99C2663BB1C0075ED77 /* Assets.xcassets */,
				6781A9A12663BB1C0075ED77 /* Info.plist */,
				6781A99E2663BB1C0075ED77 /* Preview Content */,
			);
			path = "UI-213";
			sourceTree = "<group>";
		};
		6781A99E2663BB1C0075ED77 /* Preview Content */ = {
			isa = PBXGroup;
			children = (
				6781A99F2663BB1C0075ED77 /* Preview Assets.xcassets */,
			);
			path = "Preview Content";
			sourceTree = "<group>";
		};
		6781A9A72663BB6C0075ED77 /* View */ = {
			isa = PBXGroup;
			children = (
				6781A9AA2663C2870075ED77 /* Login.swift */,
				6781A9AC2663C28F0075ED77 /* SignUp.swift */,
				67EF45572663CCC00019978F /* Home.swift */,
			);
			path = View;
			sourceTree = "<group>";
		};
/* End PBXGroup section */

/* Begin PBXNativeTarget section */
		6781A9942663BB1B0075ED77 /* UI-213 */ = {
			isa = PBXNativeTarget;
			buildConfigurationList = 6781A9A42663BB1C0075ED77 /* Build configuration list for PBXNativeTarget "UI-213" */;
			buildPhases = (
				6781A9912663BB1B0075ED77 /* Sources */,
				6781A9922663BB1B0075ED77 /* Frameworks */,
				6781A9932663BB1B0075ED77 /* Resources */,
			);
			buildRules = (
			);
			dependencies = (
			);
			name = "UI-213";
			productName = "UI-213";
			productReference = 6781A9952663BB1B0075ED77 /* UI-213.app */;
			productType = "com.apple.product-type.application";
		};
/* End PBXNativeTarget section */

/* Begin PBXProject section */
		6781A98D2663BB1A0075ED77 /* Project object */ = {
			isa = PBXProject;
			attributes = {
				LastSwiftUpdateCheck = 1250;
				LastUpgradeCheck = 1250;
				TargetAttributes = {
					6781A9942663BB1B0075ED77 = {
						CreatedOnToolsVersion = 12.5;
					};
				};
			};
			buildConfigurationList = 6781A9902663BB1A0075ED77 /* Build configuration list for PBXProject "UI-213" */;
			compatibilityVersion = "Xcode 9.3";
			developmentRegion = en;
			hasScannedForEncodings = 0;
			knownRegions = (
				en,
				Base,
			);
			mainGroup = 6781A98C2663BB1A0075ED77;
			productRefGroup = 6781A9962663BB1B0075ED77 /* Products */;
			projectDirPath = "";
			projectRoot = "";
			targets = (
				6781A9942663BB1B0075ED77 /* UI-213 */,
			);
		};
/* End PBXProject section */

/* Begin PBXResourcesBuildPhase section */
		6781A9932663BB1B0075ED77 /* Resources */ = {
			isa = PBXResourcesBuildPhase;
			buildActionMask = 2147483647;
			files = (
				6781A9A02663BB1C0075ED77 /* Preview Assets.xcassets in Resources */,
				6781A99D2663BB1C0075ED77 /* Assets.xcassets in Resources */,
			);
			runOnlyForDeploymentPostprocessing = 0;
		};
/* End PBXResourcesBuildPhase section */

/* Begin PBXSourcesBuildPhase section */
		6781A9912663BB1B0075ED77 /* Sources */ = {
			isa = PBXSourcesBuildPhase;
			buildActionMask = 2147483647;
			files = (
				6781A99B2663BB1B0075ED77 /* ContentView.swift in Sources */,
				6781A9992663BB1B0075ED77 /* UI_213App.swift in Sources */,
				67EF45582663CCC00019978F /* Home.swift in Sources */,
				6781A9AB2663C2870075ED77 /* Login.swift in Sources */,
				6781A9AD2663C28F0075ED77 /* SignUp.swift in Sources */,
			);
			runOnlyForDeploymentPostprocessing = 0;
		};
/* End PBXSourcesBuildPhase section */

/* Begin XCBuildConfiguration section */
		6781A9A22663BB1C0075ED77 /* Debug */ = {
			isa = XCBuildConfiguration;
			buildSettings = {
				ALWAYS_SEARCH_USER_PATHS = NO;
				CLANG_ANALYZER_NONNULL = YES;
				CLANG_ANALYZER_NUMBER_OBJECT_CONVERSION = YES_AGGRESSIVE;
				CLANG_CXX_LANGUAGE_STANDARD = "gnu++14";
				CLANG_CXX_LIBRARY = "libc++";
				CLANG_ENABLE_MODULES = YES;
				CLANG_ENABLE_OBJC_ARC = YES;
				CLANG_ENABLE_OBJC_WEAK = YES;
				CLANG_WARN_BLOCK_CAPTURE_AUTORELEASING = YES;
				CLANG_WARN_BOOL_CONVERSION = YES;
				CLANG_WARN_COMMA = YES;
				CLANG_WARN_CONSTANT_CONVERSION = YES;
				CLANG_WARN_DEPRECATED_OBJC_IMPLEMENTATIONS = YES;
				CLANG_WARN_DIRECT_OBJC_ISA_USAGE = YES_ERROR;
				CLANG_WARN_DOCUMENTATION_COMMENTS = YES;
				CLANG_WARN_EMPTY_BODY = YES;
				CLANG_WARN_ENUM_CONVERSION = YES;
				CLANG_WARN_INFINITE_RECURSION = YES;
				CLANG_WARN_INT_CONVERSION = YES;
				CLANG_WARN_NON_LITERAL_NULL_CONVERSION = YES;
				CLANG_WARN_OBJC_IMPLICIT_RETAIN_SELF = YES;
				CLANG_WARN_OBJC_LITERAL_CONVERSION = YES;
				CLANG_WARN_OBJC_ROOT_CLASS = YES_ERROR;
				CLANG_WARN_QUOTED_INCLUDE_IN_FRAMEWORK_HEADER = YES;
				CLANG_WARN_RANGE_LOOP_ANALYSIS = YES;
				CLANG_WARN_STRICT_PROTOTYPES = YES;
				CLANG_WARN_SUSPICIOUS_MOVE = YES;
				CLANG_WARN_UNGUARDED_AVAILABILITY = YES_AGGRESSIVE;
				CLANG_WARN_UNREACHABLE_CODE = YES;
				CLANG_WARN__DUPLICATE_METHOD_MATCH = YES;
				COPY_PHASE_STRIP = NO;
				DEBUG_INFORMATION_FORMAT = dwarf;
				ENABLE_STRICT_OBJC_MSGSEND = YES;
				ENABLE_TESTABILITY = YES;
				GCC_C_LANGUAGE_STANDARD = gnu11;
				GCC_DYNAMIC_NO_PIC = NO;
				GCC_NO_COMMON_BLOCKS = YES;
				GCC_OPTIMIZATION_LEVEL = 0;
				GCC_PREPROCESSOR_DEFINITIONS = (
					"DEBUG=1",
					"$(inherited)",
				);
				GCC_WARN_64_TO_32_BIT_CONVERSION = YES;
				GCC_WARN_ABOUT_RETURN_TYPE = YES_ERROR;
				GCC_WARN_UNDECLARED_SELECTOR = YES;
				GCC_WARN_UNINITIALIZED_AUTOS = YES_AGGRESSIVE;
				GCC_WARN_UNUSED_FUNCTION = YES;
				GCC_WARN_UNUSED_VARIABLE = YES;
				IPHONEOS_DEPLOYMENT_TARGET = 14.5;
				MTL_ENABLE_DEBUG_INFO = INCLUDE_SOURCE;
				MTL_FAST_MATH = YES;
				ONLY_ACTIVE_ARCH = YES;
				SDKROOT = iphoneos;
				SWIFT_ACTIVE_COMPILATION_CONDITIONS = DEBUG;
				SWIFT_OPTIMIZATION_LEVEL = "-Onone";
			};
			name = Debug;
		};
		6781A9A32663BB1C0075ED77 /* Release */ = {
			isa = XCBuildConfiguration;
			buildSettings = {
				ALWAYS_SEARCH_USER_PATHS = NO;
				CLANG_ANALYZER_NONNULL = YES;
				CLANG_ANALYZER_NUMBER_OBJECT_CONVERSION = YES_AGGRESSIVE;
				CLANG_CXX_LANGUAGE_STANDARD = "gnu++14";
				CLANG_CXX_LIBRARY = "libc++";
				CLANG_ENABLE_MODULES = YES;
				CLANG_ENABLE_OBJC_ARC = YES;
				CLANG_ENABLE_OBJC_WEAK = YES;
				CLANG_WARN_BLOCK_CAPTURE_AUTORELEASING = YES;
				CLANG_WARN_BOOL_CONVERSION = YES;
				CLANG_WARN_COMMA = YES;
				CLANG_WARN_CONSTANT_CONVERSION = YES;
				CLANG_WARN_DEPRECATED_OBJC_IMPLEMENTATIONS = YES;
				CLANG_WARN_DIRECT_OBJC_ISA_USAGE = YES_ERROR;
				CLANG_WARN_DOCUMENTATION_COMMENTS = YES;
				CLANG_WARN_EMPTY_BODY = YES;
				CLANG_WARN_ENUM_CONVERSION = YES;
				CLANG_WARN_INFINITE_RECURSION = YES;
				CLANG_WARN_INT_CONVERSION = YES;
				CLANG_WARN_NON_LITERAL_NULL_CONVERSION = YES;
				CLANG_WARN_OBJC_IMPLICIT_RETAIN_SELF = YES;
				CLANG_WARN_OBJC_LITERAL_CONVERSION = YES;
				CLANG_WARN_OBJC_ROOT_CLASS = YES_ERROR;
				CLANG_WARN_QUOTED_INCLUDE_IN_FRAMEWORK_HEADER = YES;
				CLANG_WARN_RANGE_LOOP_ANALYSIS = YES;
				CLANG_WARN_STRICT_PROTOTYPES = YES;
				CLANG_WARN_SUSPICIOUS_MOVE = YES;
				CLANG_WARN_UNGUARDED_AVAILABILITY = YES_AGGRESSIVE;
				CLANG_WARN_UNREACHABLE_CODE = YES;
				CLANG_WARN__DUPLICATE_METHOD_MATCH = YES;
				COPY_PHASE_STRIP = NO;
				DEBUG_INFORMATION_FORMAT = "dwarf-with-dsym";
				ENABLE_NS_ASSERTIONS = NO;
				ENABLE_STRICT_OBJC_MSGSEND = YES;
				GCC_C_LANGUAGE_STANDARD = gnu11;
				GCC_NO_COMMON_BLOCKS = YES;
				GCC_WARN_64_TO_32_BIT_CONVERSION = YES;
				GCC_WARN_ABOUT_RETURN_TYPE = YES_ERROR;
				GCC_WARN_UNDECLARED_SELECTOR = YES;
				GCC_WARN_UNINITIALIZED_AUTOS = YES_AGGRESSIVE;
				GCC_WARN_UNUSED_FUNCTION = YES;
				GCC_WARN_UNUSED_VARIABLE = YES;
				IPHONEOS_DEPLOYMENT_TARGET = 14.5;
				MTL_ENABLE_DEBUG_INFO = NO;
				MTL_FAST_MATH = YES;
				SDKROOT = iphoneos;
				SWIFT_COMPILATION_MODE = wholemodule;
				SWIFT_OPTIMIZATION_LEVEL = "-O";
				VALIDATE_PRODUCT = YES;
			};
			name = Release;
		};
		6781A9A52663BB1C0075ED77 /* Debug */ = {
			isa = XCBuildConfiguration;
			buildSettings = {
				ASSETCATALOG_COMPILER_APPICON_NAME = AppIcon;
				ASSETCATALOG_COMPILER_GLOBAL_ACCENT_COLOR_NAME = AccentColor;
				CODE_SIGN_STYLE = Automatic;
				DEVELOPMENT_ASSET_PATHS = "\"UI-213/Preview Content\"";
				ENABLE_PREVIEWS = YES;
				INFOPLIST_FILE = "UI-213/Info.plist";
				IPHONEOS_DEPLOYMENT_TARGET = 14.0;
				LD_RUNPATH_SEARCH_PATHS = (
					"$(inherited)",
					"@executable_path/Frameworks",
				);
				PRODUCT_BUNDLE_IDENTIFIER = "com.uzu.UI-213";
				PRODUCT_NAME = "$(TARGET_NAME)";
				SWIFT_VERSION = 5.0;
				TARGETED_DEVICE_FAMILY = "1,2";
			};
			name = Debug;
		};
		6781A9A62663BB1C0075ED77 /* Release */ = {
			isa = XCBuildConfiguration;
			buildSettings = {
				ASSETCATALOG_COMPILER_APPICON_NAME = AppIcon;
				ASSETCATALOG_COMPILER_GLOBAL_ACCENT_COLOR_NAME = AccentColor;
				CODE_SIGN_STYLE = Automatic;
				DEVELOPMENT_ASSET_PATHS = "\"UI-213/Preview Content\"";
				ENABLE_PREVIEWS = YES;
				INFOPLIST_FILE = "UI-213/Info.plist";
				IPHONEOS_DEPLOYMENT_TARGET = 14.0;
				LD_RUNPATH_SEARCH_PATHS = (
					"$(inherited)",
					"@executable_path/Frameworks",
				);
				PRODUCT_BUNDLE_IDENTIFIER = "com.uzu.UI-213";
				PRODUCT_NAME = "$(TARGET_NAME)";
				SWIFT_VERSION = 5.0;
				TARGETED_DEVICE_FAMILY = "1,2";
			};
			name = Release;
		};
/* End XCBuildConfiguration section */

/* Begin XCConfigurationList section */
		6781A9902663BB1A0075ED77 /* Build configuration list for PBXProject "UI-213" */ = {
			isa = XCConfigurationList;
			buildConfigurations = (
				6781A9A22663BB1C0075ED77 /* Debug */,
				6781A9A32663BB1C0075ED77 /* Release */,
			);
			defaultConfigurationIsVisible = 0;
			defaultConfigurationName = Release;
		};
		6781A9A42663BB1C0075ED77 /* Build configuration list for PBXNativeTarget "UI-213" */ = {
			isa = XCConfigurationList;
			buildConfigurations = (
				6781A9A52663BB1C0075ED77 /* Debug */,
				6781A9A62663BB1C0075ED77 /* Release */,
			);
			defaultConfigurationIsVisible = 0;
			defaultConfigurationName = Release;
		};
/* End XCConfigurationList section */
	};
	rootObject = 6781A98D2663BB1A0075ED77 /* Project object */;
}
